
Microsoft Visual Studio Solution File, Format Version 12.00
# Visual Studio Version 17
VisualStudioVersion = 17.4.33122.133
MinimumVisualStudioVersion = 10.0.40219.1
Project("{9A19103F-16F7-4668-BE54-9A1E7A4F7556}") = "CompanyEmployees", "CompanyEmployees\CompanyEmployees.csproj", "{E8A3C0B7-45FA-4390-A251-7010576C9696}"
EndProject
Project("{9A19103F-16F7-4668-BE54-9A1E7A4F7556}") = "Contracts", "Contracts\Contracts.csproj", "{7BD2B4FA-075F-4271-B9DA-B5FAC63012C7}"
EndProject
Project("{9A19103F-16F7-4668-BE54-9A1E7A4F7556}") = "LoggerService", "LoggerService\LoggerService.csproj", "{49BB2558-AAA0-415A-975F-8E8F5FF3F0AC}"
EndProject
Project("{9A19103F-16F7-4668-BE54-9A1E7A4F7556}") = "Entities", "Entities\Entities.csproj", "{62C4C531-E3FC-48AE-B7DB-B50C31C54E68}"
EndProject
Project("{FAE04EC0-301F-11D3-BF4B-00C04F79EFBC}") = "Repository", "Repository\Repository.csproj", "{854EB227-E024-47DE-92A9-F55F0CB30441}"
EndProject
Global
	GlobalSection(SolutionConfigurationPlatforms) = preSolution
		Debug|Any CPU = Debug|Any CPU
		Release|Any CPU = Release|Any CPU
	EndGlobalSection
	GlobalSection(ProjectConfigurationPlatforms) = postSolution
		{E8A3C0B7-45FA-4390-A251-7010576C9696}.Debug|Any CPU.ActiveCfg = Debug|Any CPU
		{E8A3C0B7-45FA-4390-A251-7010576C9696}.Debug|Any CPU.Build.0 = Debug|Any CPU
		{E8A3C0B7-45FA-4390-A251-7010576C9696}.Release|Any CPU.ActiveCfg = Release|Any CPU
		{E8A3C0B7-45FA-4390-A251-7010576C9696}.Release|Any CPU.Build.0 = Release|Any CPU
		{7BD2B4FA-075F-4271-B9DA-B5FAC63012C7}.Debug|Any CPU.ActiveCfg = Debug|Any CPU
		{7BD2B4FA-075F-4271-B9DA-B5FAC63012C7}.Debug|Any CPU.Build.0 = Debug|Any CPU
		{7BD2B4FA-075F-4271-B9DA-B5FAC63012C7}.Release|Any CPU.ActiveCfg = Release|Any CPU
		{7BD2B4FA-075F-4271-B9DA-B5FAC63012C7}.Release|Any CPU.Build.0 = Release|Any CPU
		{49BB2558-AAA0-415A-975F-8E8F5FF3F0AC}.Debug|Any CPU.ActiveCfg = Debug|Any CPU
		{49BB2558-AAA0-415A-975F-8E8F5FF3F0AC}.Debug|Any CPU.Build.0 = Debug|Any CPU
		{49BB2558-AAA0-415A-975F-8E8F5FF3F0AC}.Release|Any CPU.ActiveCfg = Release|Any CPU
		{49BB2558-AAA0-415A-975F-8E8F5FF3F0AC}.Release|Any CPU.Build.0 = Release|Any CPU
		{62C4C531-E3FC-48AE-B7DB-B50C31C54E68}.Debug|Any CPU.ActiveCfg = Debug|Any CPU
		{62C4C531-E3FC-48AE-B7DB-B50C31C54E68}.Debug|Any CPU.Build.0 = Debug|Any CPU
		{62C4C531-E3FC-48AE-B7DB-B50C31C54E68}.Release|Any CPU.ActiveCfg = Release|Any CPU
		{62C4C531-E3FC-48AE-B7DB-B50C31C54E68}.Release|Any CPU.Build.0 = Release|Any CPU
		{854EB227-E024-47DE-92A9-F55F0CB30441}.Debug|Any CPU.ActiveCfg = Debug|Any CPU
		{854EB227-E024-47DE-92A9-F55F0CB30441}.Debug|Any CPU.Build.0 = Debug|Any CPU
		{854EB227-E024-47DE-92A9-F55F0CB30441}.Release|Any CPU.ActiveCfg = Release|Any CPU
		{854EB227-E024-47DE-92A9-F55F0CB30441}.Release|Any CPU.Build.0 = Release|Any CPU
	EndGlobalSection
	GlobalSection(SolutionProperties) = preSolution
		HideSolutionNode = FALSE
	EndGlobalSection
	GlobalSection(ExtensibilityGlobals) = postSolution
		SolutionGuid = {F882BE25-F449-48F6-9434-4C511B2D4B85}
	EndGlobalSection
EndGlobal
